dependencies:
- name: grafana-agent
  repository: https://grafana.github.io/helm-charts
  version: 0.37.0
- name: grafana-agent
  repository: https://grafana.github.io/helm-charts
  version: 0.37.0
- name: grafana-agent
  repository: https://grafana.github.io/helm-charts
  version: 0.37.0
- name: grafana-agent
  repository: https://grafana.github.io/helm-charts
  version: 0.37.0
- name: kube-state-metrics
  repository: https://prometheus-community.github.io/helm-charts
  version: 5.18.0
- name: prometheus-node-exporter
  repository: https://prometheus-community.github.io/helm-charts
  version: 4.32.0
- name: prometheus-operator-crds
  repository: https://prometheus-community.github.io/helm-charts
  version: 10.0.0
- name: prometheus-windows-exporter
  repository: https://prometheus-community.github.io/helm-charts
  version: 0.3.1
- name: opencost
  repository: https://opencost.github.io/opencost-helm-chart
  version: 1.33.2
digest: sha256:964c40021908165beaf10db8a53d0328c7765e4734badc261479a8a402e3d068
generated: "2024-04-05T00:16:41.200883531Z"
