dependencies:
- name: alloy
  repository: https://grafana.github.io/helm-charts
  version: 0.10.0
- name: alloy
  repository: https://grafana.github.io/helm-charts
  version: 0.10.0
- name: alloy
  repository: https://grafana.github.io/helm-charts
  version: 0.10.0
- name: alloy
  repository: https://grafana.github.io/helm-charts
  version: 0.10.0
- name: kube-state-metrics
  repository: https://prometheus-community.github.io/helm-charts
  version: 5.26.0
- name: prometheus-node-exporter
  repository: https://prometheus-community.github.io/helm-charts
  version: 4.42.0
- name: prometheus-operator-crds
  repository: https://prometheus-community.github.io/helm-charts
  version: 15.0.0
- name: prometheus-windows-exporter
  repository: https://prometheus-community.github.io/helm-charts
  version: 0.7.1
- name: opencost
  repository: https://opencost.github.io/opencost-helm-chart
  version: 1.42.2
- name: kepler
  repository: https://sustainable-computing-io.github.io/kepler-helm-chart
  version: 0.5.11
- name: beyla
  repository: https://grafana.github.io/helm-charts
  version: 1.4.11
digest: sha256:fc3e73e109d0d5562aaa1aa8013a46be536dd2efc18b3fa62b111a1f21ca37c3
generated: "2024-11-16T00:57:26.538505717Z"
